
Microsoft Visual Studio Solution File, Format Version 12.00
# Visual Studio Version 17
VisualStudioVersion = 17.14.37614.0
MinimumVisualStudioVersion = 10.0.40219.1
Project("{FAE04EC0-301F-11D3-BF4B-00C04F79EFBC}") = "FacadePattern", "008 - FacadePattern\FacadePattern\FacadePattern.csproj", "{B829816F-7154-88CA-45FA-C62DDA8CA678}"
EndProject
Global
	GlobalSection(SolutionConfigurationPlatforms) = preSolution
		Debug|Any CPU = Debug|Any CPU
		Release|Any CPU = Release|Any CPU
	EndGlobalSection
	GlobalSection(ProjectConfigurationPlatforms) = postSolution
		{B829816F-7154-88CA-45FA-C62DDA8CA678}.Debug|Any CPU.ActiveCfg = Debug|Any CPU
		{B829816F-7154-88CA-45FA-C62DDA8CA678}.Debug|Any CPU.Build.0 = Debug|Any CPU
		{B829816F-7154-88CA-45FA-C62DDA8CA678}.Release|Any CPU.ActiveCfg = Release|Any CPU
		{B829816F-7154-88CA-45FA-C62DDA8CA678}.Release|Any CPU.Build.0 = Release|Any CPU
	EndGlobalSection
	GlobalSection(SolutionProperties) = preSolution
		HideSolutionNode = FALSE
	EndGlobalSection
	GlobalSection(ExtensibilityGlobals) = postSolution
		SolutionGuid = {E2B99C88-E1A1-427B-8115-B663C815592B}
	EndGlobalSection
EndGlobal
